
Microsoft Visual Studio Solution File, Format Version 12.00
# Visual Studio Version 17
VisualStudioVersion = 17.7.34031.279
MinimumVisualStudioVersion = 10.0.40219.1
Project("{FAE04EC0-301F-11D3-BF4B-00C04F79EFBC}") = "TrianguloAPP", "TrianguloAPP\TrianguloAPP.csproj", "{CACB0EFE-4250-49FB-BFC9-81AD4E1419D2}"
EndProject
Global
	GlobalSection(SolutionConfigurationPlatforms) = preSolution
		Debug|Any CPU = Debug|Any CPU
		Release|Any CPU = Release|Any CPU
	EndGlobalSection
	GlobalSection(ProjectConfigurationPlatforms) = postSolution
		{CACB0EFE-4250-49FB-BFC9-81AD4E1419D2}.Debug|Any CPU.ActiveCfg = Debug|Any CPU
		{CACB0EFE-4250-49FB-BFC9-81AD4E1419D2}.Debug|Any CPU.Build.0 = Debug|Any CPU
		{CACB0EFE-4250-49FB-BFC9-81AD4E1419D2}.Release|Any CPU.ActiveCfg = Release|Any CPU
		{CACB0EFE-4250-49FB-BFC9-81AD4E1419D2}.Release|Any CPU.Build.0 = Release|Any CPU
	EndGlobalSection
	GlobalSection(SolutionProperties) = preSolution
		HideSolutionNode = FALSE
	EndGlobalSection
	GlobalSection(ExtensibilityGlobals) = postSolution
		SolutionGuid = {21F85E50-E552-43E3-B21C-B1BFAE101DCC}
	EndGlobalSection
EndGlobal
