
Microsoft Visual Studio Solution File, Format Version 12.00
# Visual Studio Version 17
VisualStudioVersion = 17.8.34601.278
MinimumVisualStudioVersion = 10.0.40219.1
Project("{FAE04EC0-301F-11D3-BF4B-00C04F79EFBC}") = "Enums", "Enums.csproj", "{4DE58014-37A2-48A7-98FB-3C5668CCBA40}"
EndProject
Project("{FAE04EC0-301F-11D3-BF4B-00C04F79EFBC}") = "ExercicioResolvido", "..\ExercicioResolvido\ExercicioResolvido.csproj", "{B930BC8F-E201-4330-A326-32586B80C8C1}"
EndProject
Global
	GlobalSection(SolutionConfigurationPlatforms) = preSolution
		Debug|Any CPU = Debug|Any CPU
		Release|Any CPU = Release|Any CPU
	EndGlobalSection
	GlobalSection(ProjectConfigurationPlatforms) = postSolution
		{4DE58014-37A2-48A7-98FB-3C5668CCBA40}.Debug|Any CPU.ActiveCfg = Debug|Any CPU
		{4DE58014-37A2-48A7-98FB-3C5668CCBA40}.Debug|Any CPU.Build.0 = Debug|Any CPU
		{4DE58014-37A2-48A7-98FB-3C5668CCBA40}.Release|Any CPU.ActiveCfg = Release|Any CPU
		{4DE58014-37A2-48A7-98FB-3C5668CCBA40}.Release|Any CPU.Build.0 = Release|Any CPU
		{B930BC8F-E201-4330-A326-32586B80C8C1}.Debug|Any CPU.ActiveCfg = Debug|Any CPU
		{B930BC8F-E201-4330-A326-32586B80C8C1}.Debug|Any CPU.Build.0 = Debug|Any CPU
		{B930BC8F-E201-4330-A326-32586B80C8C1}.Release|Any CPU.ActiveCfg = Release|Any CPU
		{B930BC8F-E201-4330-A326-32586B80C8C1}.Release|Any CPU.Build.0 = Release|Any CPU
	EndGlobalSection
	GlobalSection(SolutionProperties) = preSolution
		HideSolutionNode = FALSE
	EndGlobalSection
	GlobalSection(ExtensibilityGlobals) = postSolution
		SolutionGuid = {3DE8A1DB-E904-41DE-819D-39F735193D60}
	EndGlobalSection
EndGlobal
