
Microsoft Visual Studio Solution File, Format Version 12.00
# Visual Studio Version 17
VisualStudioVersion = 17.8.34601.278
MinimumVisualStudioVersion = 10.0.40219.1
Project("{FAE04EC0-301F-11D3-BF4B-00C04F79EFBC}") = "Listas", "Listas.csproj", "{BD4D0CC9-A407-4902-B122-DD2206DCFAD8}"
EndProject
Global
	GlobalSection(SolutionConfigurationPlatforms) = preSolution
		Debug|Any CPU = Debug|Any CPU
		Release|Any CPU = Release|Any CPU
	EndGlobalSection
	GlobalSection(ProjectConfigurationPlatforms) = postSolution
		{BD4D0CC9-A407-4902-B122-DD2206DCFAD8}.Debug|Any CPU.ActiveCfg = Debug|Any CPU
		{BD4D0CC9-A407-4902-B122-DD2206DCFAD8}.Debug|Any CPU.Build.0 = Debug|Any CPU
		{BD4D0CC9-A407-4902-B122-DD2206DCFAD8}.Release|Any CPU.ActiveCfg = Release|Any CPU
		{BD4D0CC9-A407-4902-B122-DD2206DCFAD8}.Release|Any CPU.Build.0 = Release|Any CPU
	EndGlobalSection
	GlobalSection(SolutionProperties) = preSolution
		HideSolutionNode = FALSE
	EndGlobalSection
	GlobalSection(ExtensibilityGlobals) = postSolution
		SolutionGuid = {775A7DC5-0084-4504-8E91-DD3146635F72}
	EndGlobalSection
EndGlobal
