
Microsoft Visual Studio Solution File, Format Version 12.00
# Visual Studio Version 17
VisualStudioVersion = 17.8.34601.278
MinimumVisualStudioVersion = 10.0.40219.1
Project("{FAE04EC0-301F-11D3-BF4B-00C04F79EFBC}") = "ExercicioFixacao", "ExercicioFixacao.csproj", "{8DDDF469-B573-467E-A566-40E4CA0D37CB}"
EndProject
Global
	GlobalSection(SolutionConfigurationPlatforms) = preSolution
		Debug|Any CPU = Debug|Any CPU
		Release|Any CPU = Release|Any CPU
	EndGlobalSection
	GlobalSection(ProjectConfigurationPlatforms) = postSolution
		{8DDDF469-B573-467E-A566-40E4CA0D37CB}.Debug|Any CPU.ActiveCfg = Debug|Any CPU
		{8DDDF469-B573-467E-A566-40E4CA0D37CB}.Debug|Any CPU.Build.0 = Debug|Any CPU
		{8DDDF469-B573-467E-A566-40E4CA0D37CB}.Release|Any CPU.ActiveCfg = Release|Any CPU
		{8DDDF469-B573-467E-A566-40E4CA0D37CB}.Release|Any CPU.Build.0 = Release|Any CPU
	EndGlobalSection
	GlobalSection(SolutionProperties) = preSolution
		HideSolutionNode = FALSE
	EndGlobalSection
	GlobalSection(ExtensibilityGlobals) = postSolution
		SolutionGuid = {02380647-E0FD-4D10-826D-E8BC32E5E546}
	EndGlobalSection
EndGlobal
